
Microsoft Visual Studio Solution File, Format Version 12.00
# Visual Studio 15
VisualStudioVersion = 15.0.27428.2005
MinimumVisualStudioVersion = 10.0.40219.1
Project("{FAE04EC0-301F-11D3-BF4B-00C04F79EFBC}") = "FilmWebProject", "FilmWebProject\FilmWebProject.csproj", "{474E5422-3879-4BE3-B35D-53706B68C57F}"
EndProject
Global
	GlobalSection(SolutionConfigurationPlatforms) = preSolution
		Debug|Any CPU = Debug|Any CPU
		Release|Any CPU = Release|Any CPU
	EndGlobalSection
	GlobalSection(ProjectConfigurationPlatforms) = postSolution
		{474E5422-3879-4BE3-B35D-53706B68C57F}.Debug|Any CPU.ActiveCfg = Debug|Any CPU
		{474E5422-3879-4BE3-B35D-53706B68C57F}.Debug|Any CPU.Build.0 = Debug|Any CPU
		{474E5422-3879-4BE3-B35D-53706B68C57F}.Release|Any CPU.ActiveCfg = Release|Any CPU
		{474E5422-3879-4BE3-B35D-53706B68C57F}.Release|Any CPU.Build.0 = Release|Any CPU
	EndGlobalSection
	GlobalSection(SolutionProperties) = preSolution
		HideSolutionNode = FALSE
	EndGlobalSection
	GlobalSection(ExtensibilityGlobals) = postSolution
		SolutionGuid = {E2FE759E-7A2D-4607-91E4-6886917D2BED}
	EndGlobalSection
EndGlobal
